// !$*UTF8*$!
{
	archiveVersion = 1;
	classes = {
	};
	objectVersion = 46;
	objects = {

/* Begin PBXBuildFile section */
		1F5D0CA81BE21AFA003E7959 /* main.m in Sources */ = {isa = PBXBuildFile; fileRef = 1F5D0CA71BE21AFA003E7959 /* main.m */; };
		1F5D0CAB1BE21AFA003E7959 /* AppDelegate.m in Sources */ = {isa = PBXBuildFile; fileRef = 1F5D0CAA1BE21AFA003E7959 /* AppDelegate.m */; };
		1F5D0CB11BE21AFA003E7959 /* Main.storyboard in Resources */ = {isa = PBXBuildFile; fileRef = 1F5D0CAF1BE21AFA003E7959 /* Main.storyboard */; };
		1F5D0CB31BE21AFA003E7959 /* Assets.xcassets in Resources */ = {isa = PBXBuildFile; fileRef = 1F5D0CB21BE21AFA003E7959 /* Assets.xcassets */; };
		1F5D0CB61BE21AFA003E7959 /* LaunchScreen.storyboard in Resources */ = {isa = PBXBuildFile; fileRef = 1F5D0CB41BE21AFA003E7959 /* LaunchScreen.storyboard */; };
		1F5D0CBF1BE21DD1003E7959 /* GKParallaxTableViewController.m in Sources */ = {isa = PBXBuildFile; fileRef = 1F5D0CBE1BE21DD1003E7959 /* GKParallaxTableViewController.m */; settings = {ASSET_TAGS = (); }; };
		1F5D0CC21BE21E61003E7959 /* GKParallaxTableViewHeader.m in Sources */ = {isa = PBXBuildFile; fileRef = 1F5D0CC11BE21E61003E7959 /* GKParallaxTableViewHeader.m */; settings = {ASSET_TAGS = (); }; };
/* End PBXBuildFile section */

/* Begin PBXFileReference section */
		1F5D0CA31BE21AFA003E7959 /* GKParallaxTableViewHeader.app */ = {isa = PBXFileReference; explicitFileType = wrapper.application; includeInIndex = 0; path = GKParallaxTableViewHeader.app; sourceTree = BUILT_PRODUCTS_DIR; };
		1F5D0CA71BE21AFA003E7959 /* main.m */ = {isa = PBXFileReference; lastKnownFileType = sourcecode.c.objc; path = main.m; sourceTree = "<group>"; };
		1F5D0CA91BE21AFA003E7959 /* AppDelegate.h */ = {isa = PBXFileReference; lastKnownFileType = sourcecode.c.h; path = AppDelegate.h; sourceTree = "<group>"; };
		1F5D0CAA1BE21AFA003E7959 /* AppDelegate.m */ = {isa = PBXFileReference; lastKnownFileType = sourcecode.c.objc; path = AppDelegate.m; sourceTree = "<group>"; };
		1F5D0CB01BE21AFA003E7959 /* Base */ = {isa = PBXFileReference; lastKnownFileType = file.storyboard; name = Base; path = Base.lproj/Main.storyboard; sourceTree = "<group>"; };
		1F5D0CB21BE21AFA003E7959 /* Assets.xcassets */ = {isa = PBXFileReference; lastKnownFileType = folder.assetcatalog; path = Assets.xcassets; sourceTree = "<group>"; };
		1F5D0CB51BE21AFA003E7959 /* Base */ = {isa = PBXFileReference; lastKnownFileType = file.storyboard; name = Base; path = Base.lproj/LaunchScreen.storyboard; sourceTree = "<group>"; };
		1F5D0CB71BE21AFA003E7959 /* Info.plist */ = {isa = PBXFileReference; lastKnownFileType = text.plist.xml; path = Info.plist; sourceTree = "<group>"; };
		1F5D0CBD1BE21DD1003E7959 /* GKParallaxTableViewController.h */ = {isa = PBXFileReference; fileEncoding = 4; lastKnownFileType = sourcecode.c.h; path = GKParallaxTableViewController.h; sourceTree = "<group>"; };
		1F5D0CBE1BE21DD1003E7959 /* GKParallaxTableViewController.m */ = {isa = PBXFileReference; fileEncoding = 4; lastKnownFileType = sourcecode.c.objc; path = GKParallaxTableViewController.m; sourceTree = "<group>"; };
		1F5D0CC01BE21E61003E7959 /* GKParallaxTableViewHeader.h */ = {isa = PBXFileReference; fileEncoding = 4; lastKnownFileType = sourcecode.c.h; path = GKParallaxTableViewHeader.h; sourceTree = "<group>"; };
		1F5D0CC11BE21E61003E7959 /* GKParallaxTableViewHeader.m */ = {isa = PBXFileReference; fileEncoding = 4; lastKnownFileType = sourcecode.c.objc; path = GKParallaxTableViewHeader.m; sourceTree = "<group>"; };
/* End PBXFileReference section */

/* Begin PBXFrameworksBuildPhase section */
		1F5D0CA01BE21AFA003E7959 /* Frameworks */ = {
			isa = PBXFrameworksBuildPhase;
			buildActionMask = 2147483647;
			files = (
			);
			runOnlyForDeploymentPostprocessing = 0;
		};
/* End PBXFrameworksBuildPhase section */

/* Begin PBXGroup section */
		1F5D0C9A1BE21AFA003E7959 = {
			isa = PBXGroup;
			children = (
				1F5D0CA51BE21AFA003E7959 /* GKParallaxTableViewHeader */,
				1F5D0CA41BE21AFA003E7959 /* Products */,
			);
			sourceTree = "<group>";
		};
		1F5D0CA41BE21AFA003E7959 /* Products */ = {
			isa = PBXGroup;
			children = (
				1F5D0CA31BE21AFA003E7959 /* GKParallaxTableViewHeader.app */,
			);
			name = Products;
			sourceTree = "<group>";
		};
		1F5D0CA51BE21AFA003E7959 /* GKParallaxTableViewHeader */ = {
			isa = PBXGroup;
			children = (
				1F5D0CA91BE21AFA003E7959 /* AppDelegate.h */,
				1F5D0CAA1BE21AFA003E7959 /* AppDelegate.m */,
				1F5D0CBD1BE21DD1003E7959 /* GKParallaxTableViewController.h */,
				1F5D0CBE1BE21DD1003E7959 /* GKParallaxTableViewController.m */,
				1F5D0CC01BE21E61003E7959 /* GKParallaxTableViewHeader.h */,
				1F5D0CC11BE21E61003E7959 /* GKParallaxTableViewHeader.m */,
				1F5D0CAF1BE21AFA003E7959 /* Main.storyboard */,
				1F5D0CB21BE21AFA003E7959 /* Assets.xcassets */,
				1F5D0CB41BE21AFA003E7959 /* LaunchScreen.storyboard */,
				1F5D0CB71BE21AFA003E7959 /* Info.plist */,
				1F5D0CA61BE21AFA003E7959 /* Supporting Files */,
			);
			path = GKParallaxTableViewHeader;
			sourceTree = "<group>";
		};
		1F5D0CA61BE21AFA003E7959 /* Supporting Files */ = {
			isa = PBXGroup;
			children = (
				1F5D0CA71BE21AFA003E7959 /* main.m */,
			);
			name = "Supporting Files";
			sourceTree = "<group>";
		};
/* End PBXGroup section */

/* Begin PBXNativeTarget section */
		1F5D0CA21BE21AFA003E7959 /* GKParallaxTableViewHeader */ = {
			isa = PBXNativeTarget;
			buildConfigurationList = 1F5D0CBA1BE21AFA003E7959 /* Build configuration list for PBXNativeTarget "GKParallaxTableViewHeader" */;
			buildPhases = (
				1F5D0C9F1BE21AFA003E7959 /* Sources */,
				1F5D0CA01BE21AFA003E7959 /* Frameworks */,
				1F5D0CA11BE21AFA003E7959 /* Resources */,
			);
			buildRules = (
			);
			dependencies = (
			);
			name = GKParallaxTableViewHeader;
			productName = GKParallaxTableViewHeader;
			productReference = 1F5D0CA31BE21AFA003E7959 /* GKParallaxTableViewHeader.app */;
			productType = "com.apple.product-type.application";
		};
/* End PBXNativeTarget section */

/* Begin PBXProject section */
		1F5D0C9B1BE21AFA003E7959 /* Project object */ = {
			isa = PBXProject;
			attributes = {
				CLASSPREFIX = GK;
				LastUpgradeCheck = 0700;
				ORGANIZATIONNAME = "Ganesh Kamath";
				TargetAttributes = {
					1F5D0CA21BE21AFA003E7959 = {
						CreatedOnToolsVersion = 7.0;
					};
				};
			};
			buildConfigurationList = 1F5D0C9E1BE21AFA003E7959 /* Build configuration list for PBXProject "GKParallaxTableViewHeader" */;
			compatibilityVersion = "Xcode 3.2";
			developmentRegion = English;
			hasScannedForEncodings = 0;
			knownRegions = (
				en,
				Base,
			);
			mainGroup = 1F5D0C9A1BE21AFA003E7959;
			productRefGroup = 1F5D0CA41BE21AFA003E7959 /* Products */;
			projectDirPath = "";
			projectRoot = "";
			targets = (
				1F5D0CA21BE21AFA003E7959 /* GKParallaxTableViewHeader */,
			);
		};
/* End PBXProject section */

/* Begin PBXResourcesBuildPhase section */
		1F5D0CA11BE21AFA003E7959 /* Resources */ = {
			isa = PBXResourcesBuildPhase;
			buildActionMask = 2147483647;
			files = (
				1F5D0CB61BE21AFA003E7959 /* LaunchScreen.storyboard in Resources */,
				1F5D0CB31BE21AFA003E7959 /* Assets.xcassets in Resources */,
				1F5D0CB11BE21AFA003E7959 /* Main.storyboard in Resources */,
			);
			runOnlyForDeploymentPostprocessing = 0;
		};
/* End PBXResourcesBuildPhase section */

/* Begin PBXSourcesBuildPhase section */
		1F5D0C9F1BE21AFA003E7959 /* Sources */ = {
			isa = PBXSourcesBuildPhase;
			buildActionMask = 2147483647;
			files = (
				1F5D0CBF1BE21DD1003E7959 /* GKParallaxTableViewController.m in Sources */,
				1F5D0CC21BE21E61003E7959 /* GKParallaxTableViewHeader.m in Sources */,
				1F5D0CAB1BE21AFA003E7959 /* AppDelegate.m in Sources */,
				1F5D0CA81BE21AFA003E7959 /* main.m in Sources */,
			);
			runOnlyForDeploymentPostprocessing = 0;
		};
/* End PBXSourcesBuildPhase section */

/* Begin PBXVariantGroup section */
		1F5D0CAF1BE21AFA003E7959 /* Main.storyboard */ = {
			isa = PBXVariantGroup;
			children = (
				1F5D0CB01BE21AFA003E7959 /* Base */,
			);
			name = Main.storyboard;
			sourceTree = "<group>";
		};
		1F5D0CB41BE21AFA003E7959 /* LaunchScreen.storyboard */ = {
			isa = PBXVariantGroup;
			children = (
				1F5D0CB51BE21AFA003E7959 /* Base */,
			);
			name = LaunchScreen.storyboard;
			sourceTree = "<group>";
		};
/* End PBXVariantGroup section */

/* Begin XCBuildConfiguration section */
		1F5D0CB81BE21AFA003E7959 /* Debug */ = {
			isa = XCBuildConfiguration;
			buildSettings = {
				ALWAYS_SEARCH_USER_PATHS = NO;
				CLANG_CXX_LANGUAGE_STANDARD = "gnu++0x";
				CLANG_CXX_LIBRARY = "libc++";
				CLANG_ENABLE_MODULES = YES;
				CLANG_ENABLE_OBJC_ARC = YES;
				CLANG_WARN_BOOL_CONVERSION = YES;
				CLANG_WARN_CONSTANT_CONVERSION = YES;
				CLANG_WARN_DIRECT_OBJC_ISA_USAGE = YES_ERROR;
				CLANG_WARN_EMPTY_BODY = YES;
				CLANG_WARN_ENUM_CONVERSION = YES;
				CLANG_WARN_INT_CONVERSION = YES;
				CLANG_WARN_OBJC_ROOT_CLASS = YES_ERROR;
				CLANG_WARN_UNREACHABLE_CODE = YES;
				CLANG_WARN__DUPLICATE_METHOD_MATCH = YES;
				"CODE_SIGN_IDENTITY[sdk=iphoneos*]" = "iPhone Developer";
				COPY_PHASE_STRIP = NO;
				DEBUG_INFORMATION_FORMAT = dwarf;
				ENABLE_STRICT_OBJC_MSGSEND = YES;
				ENABLE_TESTABILITY = YES;
				GCC_C_LANGUAGE_STANDARD = gnu99;
				GCC_DYNAMIC_NO_PIC = NO;
				GCC_NO_COMMON_BLOCKS = YES;
				GCC_OPTIMIZATION_LEVEL = 0;
				GCC_PREPROCESSOR_DEFINITIONS = (
					"DEBUG=1",
					"$(inherited)",
				);
				GCC_WARN_64_TO_32_BIT_CONVERSION = YES;
				GCC_WARN_ABOUT_RETURN_TYPE = YES_ERROR;
				GCC_WARN_UNDECLARED_SELECTOR = YES;
				GCC_WARN_UNINITIALIZED_AUTOS = YES_AGGRESSIVE;
				GCC_WARN_UNUSED_FUNCTION = YES;
				GCC_WARN_UNUSED_VARIABLE = YES;
				IPHONEOS_DEPLOYMENT_TARGET = 9.0;
				MTL_ENABLE_DEBUG_INFO = YES;
				ONLY_ACTIVE_ARCH = YES;
				SDKROOT = iphoneos;
			};
			name = Debug;
		};
		1F5D0CB91BE21AFA003E7959 /* Release */ = {
			isa = XCBuildConfiguration;
			buildSettings = {
				ALWAYS_SEARCH_USER_PATHS = NO;
				CLANG_CXX_LANGUAGE_STANDARD = "gnu++0x";
				CLANG_CXX_LIBRARY = "libc++";
				CLANG_ENABLE_MODULES = YES;
				CLANG_ENABLE_OBJC_ARC = YES;
				CLANG_WARN_BOOL_CONVERSION = YES;
				CLANG_WARN_CONSTANT_CONVERSION = YES;
				CLANG_WARN_DIRECT_OBJC_ISA_USAGE = YES_ERROR;
				CLANG_WARN_EMPTY_BODY = YES;
				CLANG_WARN_ENUM_CONVERSION = YES;
				CLANG_WARN_INT_CONVERSION = YES;
				CLANG_WARN_OBJC_ROOT_CLASS = YES_ERROR;
				CLANG_WARN_UNREACHABLE_CODE = YES;
				CLANG_WARN__DUPLICATE_METHOD_MATCH = YES;
				"CODE_SIGN_IDENTITY[sdk=iphoneos*]" = "iPhone Developer";
				COPY_PHASE_STRIP = NO;
				DEBUG_INFORMATION_FORMAT = "dwarf-with-dsym";
				ENABLE_NS_ASSERTIONS = NO;
				ENABLE_STRICT_OBJC_MSGSEND = YES;
				GCC_C_LANGUAGE_STANDARD = gnu99;
				GCC_NO_COMMON_BLOCKS = YES;
				GCC_WARN_64_TO_32_BIT_CONVERSION = YES;
				GCC_WARN_ABOUT_RETURN_TYPE = YES_ERROR;
				GCC_WARN_UNDECLARED_SELECTOR = YES;
				GCC_WARN_UNINITIALIZED_AUTOS = YES_AGGRESSIVE;
				GCC_WARN_UNUSED_FUNCTION = YES;
				GCC_WARN_UNUSED_VARIABLE = YES;
				IPHONEOS_DEPLOYMENT_TARGET = 9.0;
				MTL_ENABLE_DEBUG_INFO = NO;
				SDKROOT = iphoneos;
				VALIDATE_PRODUCT = YES;
			};
			name = Release;
		};
		1F5D0CBB1BE21AFA003E7959 /* Debug */ = {
			isa = XCBuildConfiguration;
			buildSettings = {
				ASSETCATALOG_COMPILER_APPICON_NAME = AppIcon;
				INFOPLIST_FILE = GKParallaxTableViewHeader/Info.plist;
				IPHONEOS_DEPLOYMENT_TARGET = 8.3;
				LD_RUNPATH_SEARCH_PATHS = "$(inherited) @executable_path/Frameworks";
				PRODUCT_BUNDLE_IDENTIFIER = com.gnshkamath.GKParallaxTableViewHeader;
				PRODUCT_NAME = "$(TARGET_NAME)";
			};
			name = Debug;
		};
		1F5D0CBC1BE21AFA003E7959 /* Release */ = {
			isa = XCBuildConfiguration;
			buildSettings = {
				ASSETCATALOG_COMPILER_APPICON_NAME = AppIcon;
				INFOPLIST_FILE = GKParallaxTableViewHeader/Info.plist;
				IPHONEOS_DEPLOYMENT_TARGET = 8.3;
				LD_RUNPATH_SEARCH_PATHS = "$(inherited) @executable_path/Frameworks";
				PRODUCT_BUNDLE_IDENTIFIER = com.gnshkamath.GKParallaxTableViewHeader;
				PRODUCT_NAME = "$(TARGET_NAME)";
			};
			name = Release;
		};
/* End XCBuildConfiguration section */

/* Begin XCConfigurationList section */
		1F5D0C9E1BE21AFA003E7959 /* Build configuration list for PBXProject "GKParallaxTableViewHeader" */ = {
			isa = XCConfigurationList;
			buildConfigurations = (
				1F5D0CB81BE21AFA003E7959 /* Debug */,
				1F5D0CB91BE21AFA003E7959 /* Release */,
			);
			defaultConfigurationIsVisible = 0;
			defaultConfigurationName = Release;
		};
		1F5D0CBA1BE21AFA003E7959 /* Build configuration list for PBXNativeTarget "GKParallaxTableViewHeader" */ = {
			isa = XCConfigurationList;
			buildConfigurations = (
				1F5D0CBB1BE21AFA003E7959 /* Debug */,
				1F5D0CBC1BE21AFA003E7959 /* Release */,
			);
			defaultConfigurationIsVisible = 0;
		};
/* End XCConfigurationList section */
	};
	rootObject = 1F5D0C9B1BE21AFA003E7959 /* Project object */;
}
